// !$*UTF8*$!
{
	archiveVersion = 1;
	classes = {
	};
	objectVersion = 46;
	objects = {

/* Begin PBXBuildFile section */
		E53F02EB1B9F3E0A000A0400 /* main.m in Sources */ = {isa = PBXBuildFile; fileRef = E53F02EA1B9F3E0A000A0400 /* main.m */; };
		E53F02EE1B9F3E0A000A0400 /* AppDelegate.m in Sources */ = {isa = PBXBuildFile; fileRef = E53F02ED1B9F3E0A000A0400 /* AppDelegate.m */; };
		E53F02F11B9F3E0A000A0400 /* ViewController.m in Sources */ = {isa = PBXBuildFile; fileRef = E53F02F01B9F3E0A000A0400 /* ViewController.m */; };
		E53F02F41B9F3E0A000A0400 /* Main.storyboard in Resources */ = {isa = PBXBuildFile; fileRef = E53F02F21B9F3E0A000A0400 /* Main.storyboard */; };
		E53F02F61B9F3E0A000A0400 /* Images.xcassets in Resources */ = {isa = PBXBuildFile; fileRef = E53F02F51B9F3E0A000A0400 /* Images.xcassets */; };
		E53F02F91B9F3E0A000A0400 /* LaunchScreen.xib in Resources */ = {isa = PBXBuildFile; fileRef = E53F02F71B9F3E0A000A0400 /* LaunchScreen.xib */; };
		E53F03051B9F3E0A000A0400 /* ViewExampleTests.m in Sources */ = {isa = PBXBuildFile; fileRef = E53F03041B9F3E0A000A0400 /* ViewExampleTests.m */; };
/* End PBXBuildFile section */

/* Begin PBXContainerItemProxy section */
		E53F02FF1B9F3E0A000A0400 /* PBXContainerItemProxy */ = {
			isa = PBXContainerItemProxy;
			containerPortal = E53F02DD1B9F3E0A000A0400 /* Project object */;
			proxyType = 1;
			remoteGlobalIDString = E53F02E41B9F3E0A000A0400;
			remoteInfo = ViewExample;
		};
/* End PBXContainerItemProxy section */

/* Begin PBXFileReference section */
		E53F02E51B9F3E0A000A0400 /* ViewExample.app */ = {isa = PBXFileReference; explicitFileType = wrapper.application; includeInIndex = 0; path = ViewExample.app; sourceTree = BUILT_PRODUCTS_DIR; };
		E53F02E91B9F3E0A000A0400 /* Info.plist */ = {isa = PBXFileReference; lastKnownFileType = text.plist.xml; path = Info.plist; sourceTree = "<group>"; };
		E53F02EA1B9F3E0A000A0400 /* main.m */ = {isa = PBXFileReference; lastKnownFileType = sourcecode.c.objc; path = main.m; sourceTree = "<group>"; };
		E53F02EC1B9F3E0A000A0400 /* AppDelegate.h */ = {isa = PBXFileReference; lastKnownFileType = sourcecode.c.h; path = AppDelegate.h; sourceTree = "<group>"; };
		E53F02ED1B9F3E0A000A0400 /* AppDelegate.m */ = {isa = PBXFileReference; lastKnownFileType = sourcecode.c.objc; path = AppDelegate.m; sourceTree = "<group>"; };
		E53F02EF1B9F3E0A000A0400 /* ViewController.h */ = {isa = PBXFileReference; lastKnownFileType = sourcecode.c.h; path = ViewController.h; sourceTree = "<group>"; };
		E53F02F01B9F3E0A000A0400 /* ViewController.m */ = {isa = PBXFileReference; lastKnownFileType = sourcecode.c.objc; path = ViewController.m; sourceTree = "<group>"; };
		E53F02F31B9F3E0A000A0400 /* Base */ = {isa = PBXFileReference; lastKnownFileType = file.storyboard; name = Base; path = Base.lproj/Main.storyboard; sourceTree = "<group>"; };
		E53F02F51B9F3E0A000A0400 /* Images.xcassets */ = {isa = PBXFileReference; lastKnownFileType = folder.assetcatalog; path = Images.xcassets; sourceTree = "<group>"; };
		E53F02F81B9F3E0A000A0400 /* Base */ = {isa = PBXFileReference; lastKnownFileType = file.xib; name = Base; path = Base.lproj/LaunchScreen.xib; sourceTree = "<group>"; };
		E53F02FE1B9F3E0A000A0400 /* ViewExampleTests.xctest */ = {isa = PBXFileReference; explicitFileType = wrapper.cfbundle; includeInIndex = 0; path = ViewExampleTests.xctest; sourceTree = BUILT_PRODUCTS_DIR; };
		E53F03031B9F3E0A000A0400 /* Info.plist */ = {isa = PBXFileReference; lastKnownFileType = text.plist.xml; path = Info.plist; sourceTree = "<group>"; };
		E53F03041B9F3E0A000A0400 /* ViewExampleTests.m */ = {isa = PBXFileReference; lastKnownFileType = sourcecode.c.objc; path = ViewExampleTests.m; sourceTree = "<group>"; };
/* End PBXFileReference section */

/* Begin PBXFrameworksBuildPhase section */
		E53F02E21B9F3E0A000A0400 /* Frameworks */ = {
			isa = PBXFrameworksBuildPhase;
			buildActionMask = 2147483647;
			files = (
			);
			runOnlyForDeploymentPostprocessing = 0;
		};
		E53F02FB1B9F3E0A000A0400 /* Frameworks */ = {
			isa = PBXFrameworksBuildPhase;
			buildActionMask = 2147483647;
			files = (
			);
			runOnlyForDeploymentPostprocessing = 0;
		};
/* End PBXFrameworksBuildPhase section */

/* Begin PBXGroup section */
		E53F02DC1B9F3E0A000A0400 = {
			isa = PBXGroup;
			children = (
				E53F02E71B9F3E0A000A0400 /* ViewExample */,
				E53F03011B9F3E0A000A0400 /* ViewExampleTests */,
				E53F02E61B9F3E0A000A0400 /* Products */,
			);
			sourceTree = "<group>";
		};
		E53F02E61B9F3E0A000A0400 /* Products */ = {
			isa = PBXGroup;
			children = (
				E53F02E51B9F3E0A000A0400 /* ViewExample.app */,
				E53F02FE1B9F3E0A000A0400 /* ViewExampleTests.xctest */,
			);
			name = Products;
			sourceTree = "<group>";
		};
		E53F02E71B9F3E0A000A0400 /* ViewExample */ = {
			isa = PBXGroup;
			children = (
				E53F02EC1B9F3E0A000A0400 /* AppDelegate.h */,
				E53F02ED1B9F3E0A000A0400 /* AppDelegate.m */,
				E53F02EF1B9F3E0A000A0400 /* ViewController.h */,
				E53F02F01B9F3E0A000A0400 /* ViewController.m */,
				E53F02F21B9F3E0A000A0400 /* Main.storyboard */,
				E53F02F51B9F3E0A000A0400 /* Images.xcassets */,
				E53F02F71B9F3E0A000A0400 /* LaunchScreen.xib */,
				E53F02E81B9F3E0A000A0400 /* Supporting Files */,
			);
			path = ViewExample;
			sourceTree = "<group>";
		};
		E53F02E81B9F3E0A000A0400 /* Supporting Files */ = {
			isa = PBXGroup;
			children = (
				E53F02E91B9F3E0A000A0400 /* Info.plist */,
				E53F02EA1B9F3E0A000A0400 /* main.m */,
			);
			name = "Supporting Files";
			sourceTree = "<group>";
		};
		E53F03011B9F3E0A000A0400 /* ViewExampleTests */ = {
			isa = PBXGroup;
			children = (
				E53F03041B9F3E0A000A0400 /* ViewExampleTests.m */,
				E53F03021B9F3E0A000A0400 /* Supporting Files */,
			);
			path = ViewExampleTests;
			sourceTree = "<group>";
		};
		E53F03021B9F3E0A000A0400 /* Supporting Files */ = {
			isa = PBXGroup;
			children = (
				E53F03031B9F3E0A000A0400 /* Info.plist */,
			);
			name = "Supporting Files";
			sourceTree = "<group>";
		};
/* End PBXGroup section */

/* Begin PBXNativeTarget section */
		E53F02E41B9F3E0A000A0400 /* ViewExample */ = {
			isa = PBXNativeTarget;
			buildConfigurationList = E53F03081B9F3E0A000A0400 /* Build configuration list for PBXNativeTarget "ViewExample" */;
			buildPhases = (
				E53F02E11B9F3E0A000A0400 /* Sources */,
				E53F02E21B9F3E0A000A0400 /* Frameworks */,
				E53F02E31B9F3E0A000A0400 /* Resources */,
			);
			buildRules = (
			);
			dependencies = (
			);
			name = ViewExample;
			productName = ViewExample;
			productReference = E53F02E51B9F3E0A000A0400 /* ViewExample.app */;
			productType = "com.apple.product-type.application";
		};
		E53F02FD1B9F3E0A000A0400 /* ViewExampleTests */ = {
			isa = PBXNativeTarget;
			buildConfigurationList = E53F030B1B9F3E0A000A0400 /* Build configuration list for PBXNativeTarget "ViewExampleTests" */;
			buildPhases = (
				E53F02FA1B9F3E0A000A0400 /* Sources */,
				E53F02FB1B9F3E0A000A0400 /* Frameworks */,
				E53F02FC1B9F3E0A000A0400 /* Resources */,
			);
			buildRules = (
			);
			dependencies = (
				E53F03001B9F3E0A000A0400 /* PBXTargetDependency */,
			);
			name = ViewExampleTests;
			productName = ViewExampleTests;
			productReference = E53F02FE1B9F3E0A000A0400 /* ViewExampleTests.xctest */;
			productType = "com.apple.product-type.bundle.unit-test";
		};
/* End PBXNativeTarget section */

/* Begin PBXProject section */
		E53F02DD1B9F3E0A000A0400 /* Project object */ = {
			isa = PBXProject;
			attributes = {
				LastUpgradeCheck = 0640;
				ORGANIZATIONNAME = jorgev;
				TargetAttributes = {
					E53F02E41B9F3E0A000A0400 = {
						CreatedOnToolsVersion = 6.4;
					};
					E53F02FD1B9F3E0A000A0400 = {
						CreatedOnToolsVersion = 6.4;
						TestTargetID = E53F02E41B9F3E0A000A0400;
					};
				};
			};
			buildConfigurationList = E53F02E01B9F3E0A000A0400 /* Build configuration list for PBXProject "ViewExample" */;
			compatibilityVersion = "Xcode 3.2";
			developmentRegion = English;
			hasScannedForEncodings = 0;
			knownRegions = (
				en,
				Base,
			);
			mainGroup = E53F02DC1B9F3E0A000A0400;
			productRefGroup = E53F02E61B9F3E0A000A0400 /* Products */;
			projectDirPath = "";
			projectRoot = "";
			targets = (
				E53F02E41B9F3E0A000A0400 /* ViewExample */,
				E53F02FD1B9F3E0A000A0400 /* ViewExampleTests */,
			);
		};
/* End PBXProject section */

/* Begin PBXResourcesBuildPhase section */
		E53F02E31B9F3E0A000A0400 /* Resources */ = {
			isa = PBXResourcesBuildPhase;
			buildActionMask = 2147483647;
			files = (
				E53F02F41B9F3E0A000A0400 /* Main.storyboard in Resources */,
				E53F02F91B9F3E0A000A0400 /* LaunchScreen.xib in Resources */,
				E53F02F61B9F3E0A000A0400 /* Images.xcassets in Resources */,
			);
			runOnlyForDeploymentPostprocessing = 0;
		};
		E53F02FC1B9F3E0A000A0400 /* Resources */ = {
			isa = PBXResourcesBuildPhase;
			buildActionMask = 2147483647;
			files = (
			);
			runOnlyForDeploymentPostprocessing = 0;
		};
/* End PBXResourcesBuildPhase section */

/* Begin PBXSourcesBuildPhase section */
		E53F02E11B9F3E0A000A0400 /* Sources */ = {
			isa = PBXSourcesBuildPhase;
			buildActionMask = 2147483647;
			files = (
				E53F02F11B9F3E0A000A0400 /* ViewController.m in Sources */,
				E53F02EE1B9F3E0A000A0400 /* AppDelegate.m in Sources */,
				E53F02EB1B9F3E0A000A0400 /* main.m in Sources */,
			);
			runOnlyForDeploymentPostprocessing = 0;
		};
		E53F02FA1B9F3E0A000A0400 /* Sources */ = {
			isa = PBXSourcesBuildPhase;
			buildActionMask = 2147483647;
			files = (
				E53F03051B9F3E0A000A0400 /* ViewExampleTests.m in Sources */,
			);
			runOnlyForDeploymentPostprocessing = 0;
		};
/* End PBXSourcesBuildPhase section */

/* Begin PBXTargetDependency section */
		E53F03001B9F3E0A000A0400 /* PBXTargetDependency */ = {
			isa = PBXTargetDependency;
			target = E53F02E41B9F3E0A000A0400 /* ViewExample */;
			targetProxy = E53F02FF1B9F3E0A000A0400 /* PBXContainerItemProxy */;
		};
/* End PBXTargetDependency section */

/* Begin PBXVariantGroup section */
		E53F02F21B9F3E0A000A0400 /* Main.storyboard */ = {
			isa = PBXVariantGroup;
			children = (
				E53F02F31B9F3E0A000A0400 /* Base */,
			);
			name = Main.storyboard;
			sourceTree = "<group>";
		};
		E53F02F71B9F3E0A000A0400 /* LaunchScreen.xib */ = {
			isa = PBXVariantGroup;
			children = (
				E53F02F81B9F3E0A000A0400 /* Base */,
			);
			name = LaunchScreen.xib;
			sourceTree = "<group>";
		};
/* End PBXVariantGroup section */

/* Begin XCBuildConfiguration section */
		E53F03061B9F3E0A000A0400 /* Debug */ = {
			isa = XCBuildConfiguration;
			buildSettings = {
				ALWAYS_SEARCH_USER_PATHS = NO;
				CLANG_CXX_LANGUAGE_STANDARD = "gnu++0x";
				CLANG_CXX_LIBRARY = "libc++";
				CLANG_ENABLE_MODULES = YES;
				CLANG_ENABLE_OBJC_ARC = YES;
				CLANG_WARN_BOOL_CONVERSION = YES;
				CLANG_WARN_CONSTANT_CONVERSION = YES;
				CLANG_WARN_DIRECT_OBJC_ISA_USAGE = YES_ERROR;
				CLANG_WARN_EMPTY_BODY = YES;
				CLANG_WARN_ENUM_CONVERSION = YES;
				CLANG_WARN_INT_CONVERSION = YES;
				CLANG_WARN_OBJC_ROOT_CLASS = YES_ERROR;
				CLANG_WARN_UNREACHABLE_CODE = YES;
				CLANG_WARN__DUPLICATE_METHOD_MATCH = YES;
				"CODE_SIGN_IDENTITY[sdk=iphoneos*]" = "iPhone Developer";
				COPY_PHASE_STRIP = NO;
				DEBUG_INFORMATION_FORMAT = "dwarf-with-dsym";
				ENABLE_STRICT_OBJC_MSGSEND = YES;
				GCC_C_LANGUAGE_STANDARD = gnu99;
				GCC_DYNAMIC_NO_PIC = NO;
				GCC_NO_COMMON_BLOCKS = YES;
				GCC_OPTIMIZATION_LEVEL = 0;
				GCC_PREPROCESSOR_DEFINITIONS = (
					"DEBUG=1",
					"$(inherited)",
				);
				GCC_SYMBOLS_PRIVATE_EXTERN = NO;
				GCC_WARN_64_TO_32_BIT_CONVERSION = YES;
				GCC_WARN_ABOUT_RETURN_TYPE = YES_ERROR;
				GCC_WARN_UNDECLARED_SELECTOR = YES;
				GCC_WARN_UNINITIALIZED_AUTOS = YES_AGGRESSIVE;
				GCC_WARN_UNUSED_FUNCTION = YES;
				GCC_WARN_UNUSED_VARIABLE = YES;
				IPHONEOS_DEPLOYMENT_TARGET = 8.4;
				MTL_ENABLE_DEBUG_INFO = YES;
				ONLY_ACTIVE_ARCH = YES;
				SDKROOT = iphoneos;
			};
			name = Debug;
		};
		E53F03071B9F3E0A000A0400 /* Release */ = {
			isa = XCBuildConfiguration;
			buildSettings = {
				ALWAYS_SEARCH_USER_PATHS = NO;
				CLANG_CXX_LANGUAGE_STANDARD = "gnu++0x";
				CLANG_CXX_LIBRARY = "libc++";
				CLANG_ENABLE_MODULES = YES;
				CLANG_ENABLE_OBJC_ARC = YES;
				CLANG_WARN_BOOL_CONVERSION = YES;
				CLANG_WARN_CONSTANT_CONVERSION = YES;
				CLANG_WARN_DIRECT_OBJC_ISA_USAGE = YES_ERROR;
				CLANG_WARN_EMPTY_BODY = YES;
				CLANG_WARN_ENUM_CONVERSION = YES;
				CLANG_WARN_INT_CONVERSION = YES;
				CLANG_WARN_OBJC_ROOT_CLASS = YES_ERROR;
				CLANG_WARN_UNREACHABLE_CODE = YES;
				CLANG_WARN__DUPLICATE_METHOD_MATCH = YES;
				"CODE_SIGN_IDENTITY[sdk=iphoneos*]" = "iPhone Developer";
				COPY_PHASE_STRIP = NO;
				DEBUG_INFORMATION_FORMAT = "dwarf-with-dsym";
				ENABLE_NS_ASSERTIONS = NO;
				ENABLE_STRICT_OBJC_MSGSEND = YES;
				GCC_C_LANGUAGE_STANDARD = gnu99;
				GCC_NO_COMMON_BLOCKS = YES;
				GCC_WARN_64_TO_32_BIT_CONVERSION = YES;
				GCC_WARN_ABOUT_RETURN_TYPE = YES_ERROR;
				GCC_WARN_UNDECLARED_SELECTOR = YES;
				GCC_WARN_UNINITIALIZED_AUTOS = YES_AGGRESSIVE;
				GCC_WARN_UNUSED_FUNCTION = YES;
				GCC_WARN_UNUSED_VARIABLE = YES;
				IPHONEOS_DEPLOYMENT_TARGET = 8.4;
				MTL_ENABLE_DEBUG_INFO = NO;
				SDKROOT = iphoneos;
				VALIDATE_PRODUCT = YES;
			};
			name = Release;
		};
		E53F03091B9F3E0A000A0400 /* Debug */ = {
			isa = XCBuildConfiguration;
			buildSettings = {
				ASSETCATALOG_COMPILER_APPICON_NAME = AppIcon;
				INFOPLIST_FILE = ViewExample/Info.plist;
				IPHONEOS_DEPLOYMENT_TARGET = 7.0;
				LD_RUNPATH_SEARCH_PATHS = "$(inherited) @executable_path/Frameworks";
				PRODUCT_NAME = "$(TARGET_NAME)";
				TARGETED_DEVICE_FAMILY = "1,2";
			};
			name = Debug;
		};
		E53F030A1B9F3E0A000A0400 /* Release */ = {
			isa = XCBuildConfiguration;
			buildSettings = {
				ASSETCATALOG_COMPILER_APPICON_NAME = AppIcon;
				INFOPLIST_FILE = ViewExample/Info.plist;
				IPHONEOS_DEPLOYMENT_TARGET = 7.0;
				LD_RUNPATH_SEARCH_PATHS = "$(inherited) @executable_path/Frameworks";
				PRODUCT_NAME = "$(TARGET_NAME)";
				TARGETED_DEVICE_FAMILY = "1,2";
			};
			name = Release;
		};
		E53F030C1B9F3E0A000A0400 /* Debug */ = {
			isa = XCBuildConfiguration;
			buildSettings = {
				BUNDLE_LOADER = "$(TEST_HOST)";
				FRAMEWORK_SEARCH_PATHS = (
					"$(SDKROOT)/Developer/Library/Frameworks",
					"$(inherited)",
				);
				GCC_PREPROCESSOR_DEFINITIONS = (
					"DEBUG=1",
					"$(inherited)",
				);
				INFOPLIST_FILE = ViewExampleTests/Info.plist;
				LD_RUNPATH_SEARCH_PATHS = "$(inherited) @executable_path/Frameworks @loader_path/Frameworks";
				PRODUCT_NAME = "$(TARGET_NAME)";
				TEST_HOST = "$(BUILT_PRODUCTS_DIR)/ViewExample.app/ViewExample";
			};
			name = Debug;
		};
		E53F030D1B9F3E0A000A0400 /* Release */ = {
			isa = XCBuildConfiguration;
			buildSettings = {
				BUNDLE_LOADER = "$(TEST_HOST)";
				FRAMEWORK_SEARCH_PATHS = (
					"$(SDKROOT)/Developer/Library/Frameworks",
					"$(inherited)",
				);
				INFOPLIST_FILE = ViewExampleTests/Info.plist;
				LD_RUNPATH_SEARCH_PATHS = "$(inherited) @executable_path/Frameworks @loader_path/Frameworks";
				PRODUCT_NAME = "$(TARGET_NAME)";
				TEST_HOST = "$(BUILT_PRODUCTS_DIR)/ViewExample.app/ViewExample";
			};
			name = Release;
		};
/* End XCBuildConfiguration section */

/* Begin XCConfigurationList section */
		E53F02E01B9F3E0A000A0400 /* Build configuration list for PBXProject "ViewExample" */ = {
			isa = XCConfigurationList;
			buildConfigurations = (
				E53F03061B9F3E0A000A0400 /* Debug */,
				E53F03071B9F3E0A000A0400 /* Release */,
			);
			defaultConfigurationIsVisible = 0;
			defaultConfigurationName = Release;
		};
		E53F03081B9F3E0A000A0400 /* Build configuration list for PBXNativeTarget "ViewExample" */ = {
			isa = XCConfigurationList;
			buildConfigurations = (
				E53F03091B9F3E0A000A0400 /* Debug */,
				E53F030A1B9F3E0A000A0400 /* Release */,
			);
			defaultConfigurationIsVisible = 0;
			defaultConfigurationName = Release;
		};
		E53F030B1B9F3E0A000A0400 /* Build configuration list for PBXNativeTarget "ViewExampleTests" */ = {
			isa = XCConfigurationList;
			buildConfigurations = (
				E53F030C1B9F3E0A000A0400 /* Debug */,
				E53F030D1B9F3E0A000A0400 /* Release */,
			);
			defaultConfigurationIsVisible = 0;
			defaultConfigurationName = Release;
		};
/* End XCConfigurationList section */
	};
	rootObject = E53F02DD1B9F3E0A000A0400 /* Project object */;
}
